
Microsoft Visual Studio Solution File, Format Version 12.00
# Visual Studio 15
VisualStudioVersion = 15.0.28010.2046
MinimumVisualStudioVersion = 10.0.40219.1
Project("{FAE04EC0-301F-11D3-BF4B-00C04F79EFBC}") = "ExerciseTryCatchException", "ExerciseTryCatchException\ExerciseTryCatchException.csproj", "{BC614E28-3F29-49E7-9AE3-3035EB2FF4B0}"
EndProject
Global
	GlobalSection(SolutionConfigurationPlatforms) = preSolution
		Debug|Any CPU = Debug|Any CPU
		Release|Any CPU = Release|Any CPU
	EndGlobalSection
	GlobalSection(ProjectConfigurationPlatforms) = postSolution
		{BC614E28-3F29-49E7-9AE3-3035EB2FF4B0}.Debug|Any CPU.ActiveCfg = Debug|Any CPU
		{BC614E28-3F29-49E7-9AE3-3035EB2FF4B0}.Debug|Any CPU.Build.0 = Debug|Any CPU
		{BC614E28-3F29-49E7-9AE3-3035EB2FF4B0}.Release|Any CPU.ActiveCfg = Release|Any CPU
		{BC614E28-3F29-49E7-9AE3-3035EB2FF4B0}.Release|Any CPU.Build.0 = Release|Any CPU
	EndGlobalSection
	GlobalSection(SolutionProperties) = preSolution
		HideSolutionNode = FALSE
	EndGlobalSection
	GlobalSection(ExtensibilityGlobals) = postSolution
		SolutionGuid = {636612FB-A6D1-4ADD-9E0F-8A37C1356CBB}
	EndGlobalSection
EndGlobal
