
Microsoft Visual Studio Solution File, Format Version 12.00
# Visual Studio 15
VisualStudioVersion = 15.0.28010.2046
MinimumVisualStudioVersion = 10.0.40219.1
Project("{FAE04EC0-301F-11D3-BF4B-00C04F79EFBC}") = "ContosoUniversity", "ContosoUniversity\ContosoUniversity.csproj", "{F2B66C1D-10CF-4DF8-B9C7-2C5EB7104860}"
EndProject
Global
	GlobalSection(SolutionConfigurationPlatforms) = preSolution
		Debug|Any CPU = Debug|Any CPU
		Release|Any CPU = Release|Any CPU
	EndGlobalSection
	GlobalSection(ProjectConfigurationPlatforms) = postSolution
		{F2B66C1D-10CF-4DF8-B9C7-2C5EB7104860}.Debug|Any CPU.ActiveCfg = Debug|Any CPU
		{F2B66C1D-10CF-4DF8-B9C7-2C5EB7104860}.Debug|Any CPU.Build.0 = Debug|Any CPU
		{F2B66C1D-10CF-4DF8-B9C7-2C5EB7104860}.Release|Any CPU.ActiveCfg = Release|Any CPU
		{F2B66C1D-10CF-4DF8-B9C7-2C5EB7104860}.Release|Any CPU.Build.0 = Release|Any CPU
	EndGlobalSection
	GlobalSection(SolutionProperties) = preSolution
		HideSolutionNode = FALSE
	EndGlobalSection
	GlobalSection(ExtensibilityGlobals) = postSolution
		SolutionGuid = {4976538C-5509-41E5-8161-60BAFBA14078}
	EndGlobalSection
EndGlobal
