
Microsoft Visual Studio Solution File, Format Version 12.00
# Visual Studio 15
VisualStudioVersion = 15.0.28010.2046
MinimumVisualStudioVersion = 10.0.40219.1
Project("{FAE04EC0-301F-11D3-BF4B-00C04F79EFBC}") = "ExerciseLambda", "ExerciseLambda\ExerciseLambda.csproj", "{9C4A23FB-64C5-4A51-AB5B-E7817A3333AA}"
EndProject
Global
	GlobalSection(SolutionConfigurationPlatforms) = preSolution
		Debug|Any CPU = Debug|Any CPU
		Release|Any CPU = Release|Any CPU
	EndGlobalSection
	GlobalSection(ProjectConfigurationPlatforms) = postSolution
		{9C4A23FB-64C5-4A51-AB5B-E7817A3333AA}.Debug|Any CPU.ActiveCfg = Debug|Any CPU
		{9C4A23FB-64C5-4A51-AB5B-E7817A3333AA}.Debug|Any CPU.Build.0 = Debug|Any CPU
		{9C4A23FB-64C5-4A51-AB5B-E7817A3333AA}.Release|Any CPU.ActiveCfg = Release|Any CPU
		{9C4A23FB-64C5-4A51-AB5B-E7817A3333AA}.Release|Any CPU.Build.0 = Release|Any CPU
	EndGlobalSection
	GlobalSection(SolutionProperties) = preSolution
		HideSolutionNode = FALSE
	EndGlobalSection
	GlobalSection(ExtensibilityGlobals) = postSolution
		SolutionGuid = {233C1E52-9ADF-445D-A014-A89FFEB5516F}
	EndGlobalSection
EndGlobal
