
Microsoft Visual Studio Solution File, Format Version 12.00
# Visual Studio 15
VisualStudioVersion = 15.0.28010.2046
MinimumVisualStudioVersion = 10.0.40219.1
Project("{FAE04EC0-301F-11D3-BF4B-00C04F79EFBC}") = "ExcerciseOptional", "ExcerciseOptional\ExcerciseOptional.csproj", "{620ED0F7-1BE1-4D71-90D8-1F42505CA00A}"
EndProject
Global
	GlobalSection(SolutionConfigurationPlatforms) = preSolution
		Debug|Any CPU = Debug|Any CPU
		Release|Any CPU = Release|Any CPU
	EndGlobalSection
	GlobalSection(ProjectConfigurationPlatforms) = postSolution
		{620ED0F7-1BE1-4D71-90D8-1F42505CA00A}.Debug|Any CPU.ActiveCfg = Debug|Any CPU
		{620ED0F7-1BE1-4D71-90D8-1F42505CA00A}.Debug|Any CPU.Build.0 = Debug|Any CPU
		{620ED0F7-1BE1-4D71-90D8-1F42505CA00A}.Release|Any CPU.ActiveCfg = Release|Any CPU
		{620ED0F7-1BE1-4D71-90D8-1F42505CA00A}.Release|Any CPU.Build.0 = Release|Any CPU
	EndGlobalSection
	GlobalSection(SolutionProperties) = preSolution
		HideSolutionNode = FALSE
	EndGlobalSection
	GlobalSection(ExtensibilityGlobals) = postSolution
		SolutionGuid = {94C624AA-C88B-4735-851F-FB17C8F03B6D}
	EndGlobalSection
EndGlobal
