
Microsoft Visual Studio Solution File, Format Version 12.00
# Visual Studio 15
VisualStudioVersion = 15.0.28010.2046
MinimumVisualStudioVersion = 10.0.40219.1
Project("{FAE04EC0-301F-11D3-BF4B-00C04F79EFBC}") = "ExerciseEnums", "ExerciseEnums\ExerciseEnums.csproj", "{ED6E80AB-31AD-4020-A30E-64BCEEF034AA}"
EndProject
Global
	GlobalSection(SolutionConfigurationPlatforms) = preSolution
		Debug|Any CPU = Debug|Any CPU
		Release|Any CPU = Release|Any CPU
	EndGlobalSection
	GlobalSection(ProjectConfigurationPlatforms) = postSolution
		{ED6E80AB-31AD-4020-A30E-64BCEEF034AA}.Debug|Any CPU.ActiveCfg = Debug|Any CPU
		{ED6E80AB-31AD-4020-A30E-64BCEEF034AA}.Debug|Any CPU.Build.0 = Debug|Any CPU
		{ED6E80AB-31AD-4020-A30E-64BCEEF034AA}.Release|Any CPU.ActiveCfg = Release|Any CPU
		{ED6E80AB-31AD-4020-A30E-64BCEEF034AA}.Release|Any CPU.Build.0 = Release|Any CPU
	EndGlobalSection
	GlobalSection(SolutionProperties) = preSolution
		HideSolutionNode = FALSE
	EndGlobalSection
	GlobalSection(ExtensibilityGlobals) = postSolution
		SolutionGuid = {C49A7F3E-531D-44B7-8A7E-71481C5D67BA}
	EndGlobalSection
EndGlobal
